// !$*UTF8*$!
{
	archiveVersion = 1;
	classes = {
	};
	objectVersion = 46;
	objects = {

/* Begin PBXBuildFile section */
		E08E04981C947A3B00FEEFA9 /* main.m in Sources */ = {isa = PBXBuildFile; fileRef = E08E04971C947A3B00FEEFA9 /* main.m */; };
		E08E049B1C947A3B00FEEFA9 /* AppDelegate.m in Sources */ = {isa = PBXBuildFile; fileRef = E08E049A1C947A3B00FEEFA9 /* AppDelegate.m */; };
		E08E049E1C947A3B00FEEFA9 /* ViewController.m in Sources */ = {isa = PBXBuildFile; fileRef = E08E049D1C947A3B00FEEFA9 /* ViewController.m */; };
		E08E04A11C947A3B00FEEFA9 /* Main.storyboard in Resources */ = {isa = PBXBuildFile; fileRef = E08E049F1C947A3B00FEEFA9 /* Main.storyboard */; };
		E08E04A31C947A3B00FEEFA9 /* Assets.xcassets in Resources */ = {isa = PBXBuildFile; fileRef = E08E04A21C947A3B00FEEFA9 /* Assets.xcassets */; };
		E08E04A61C947A3B00FEEFA9 /* LaunchScreen.storyboard in Resources */ = {isa = PBXBuildFile; fileRef = E08E04A41C947A3B00FEEFA9 /* LaunchScreen.storyboard */; };
		E08E04B01C947AB900FEEFA9 /* CircleView.m in Sources */ = {isa = PBXBuildFile; fileRef = E08E04AF1C947AB900FEEFA9 /* CircleView.m */; };
		E08E04B31C947BA800FEEFA9 /* CircleLayer.m in Sources */ = {isa = PBXBuildFile; fileRef = E08E04B21C947BA800FEEFA9 /* CircleLayer.m */; };
/* End PBXBuildFile section */

/* Begin PBXFileReference section */
		E08E04931C947A3B00FEEFA9 /* AnimationDemo_Circle.app */ = {isa = PBXFileReference; explicitFileType = wrapper.application; includeInIndex = 0; path = AnimationDemo_Circle.app; sourceTree = BUILT_PRODUCTS_DIR; };
		E08E04971C947A3B00FEEFA9 /* main.m */ = {isa = PBXFileReference; lastKnownFileType = sourcecode.c.objc; path = main.m; sourceTree = "<group>"; };
		E08E04991C947A3B00FEEFA9 /* AppDelegate.h */ = {isa = PBXFileReference; lastKnownFileType = sourcecode.c.h; path = AppDelegate.h; sourceTree = "<group>"; };
		E08E049A1C947A3B00FEEFA9 /* AppDelegate.m */ = {isa = PBXFileReference; lastKnownFileType = sourcecode.c.objc; path = AppDelegate.m; sourceTree = "<group>"; };
		E08E049C1C947A3B00FEEFA9 /* ViewController.h */ = {isa = PBXFileReference; lastKnownFileType = sourcecode.c.h; path = ViewController.h; sourceTree = "<group>"; };
		E08E049D1C947A3B00FEEFA9 /* ViewController.m */ = {isa = PBXFileReference; lastKnownFileType = sourcecode.c.objc; path = ViewController.m; sourceTree = "<group>"; };
		E08E04A01C947A3B00FEEFA9 /* Base */ = {isa = PBXFileReference; lastKnownFileType = file.storyboard; name = Base; path = Base.lproj/Main.storyboard; sourceTree = "<group>"; };
		E08E04A21C947A3B00FEEFA9 /* Assets.xcassets */ = {isa = PBXFileReference; lastKnownFileType = folder.assetcatalog; path = Assets.xcassets; sourceTree = "<group>"; };
		E08E04A51C947A3B00FEEFA9 /* Base */ = {isa = PBXFileReference; lastKnownFileType = file.storyboard; name = Base; path = Base.lproj/LaunchScreen.storyboard; sourceTree = "<group>"; };
		E08E04A71C947A3B00FEEFA9 /* Info.plist */ = {isa = PBXFileReference; lastKnownFileType = text.plist.xml; path = Info.plist; sourceTree = "<group>"; };
		E08E04AE1C947AB900FEEFA9 /* CircleView.h */ = {isa = PBXFileReference; fileEncoding = 4; lastKnownFileType = sourcecode.c.h; path = CircleView.h; sourceTree = "<group>"; };
		E08E04AF1C947AB900FEEFA9 /* CircleView.m */ = {isa = PBXFileReference; fileEncoding = 4; lastKnownFileType = sourcecode.c.objc; path = CircleView.m; sourceTree = "<group>"; };
		E08E04B11C947BA800FEEFA9 /* CircleLayer.h */ = {isa = PBXFileReference; fileEncoding = 4; lastKnownFileType = sourcecode.c.h; path = CircleLayer.h; sourceTree = "<group>"; };
		E08E04B21C947BA800FEEFA9 /* CircleLayer.m */ = {isa = PBXFileReference; fileEncoding = 4; lastKnownFileType = sourcecode.c.objc; path = CircleLayer.m; sourceTree = "<group>"; };
/* End PBXFileReference section */

/* Begin PBXFrameworksBuildPhase section */
		E08E04901C947A3B00FEEFA9 /* Frameworks */ = {
			isa = PBXFrameworksBuildPhase;
			buildActionMask = 2147483647;
			files = (
			);
			runOnlyForDeploymentPostprocessing = 0;
		};
/* End PBXFrameworksBuildPhase section */

/* Begin PBXGroup section */
		E08E048A1C947A3B00FEEFA9 = {
			isa = PBXGroup;
			children = (
				E08E04951C947A3B00FEEFA9 /* AnimationDemo_Circle */,
				E08E04941C947A3B00FEEFA9 /* Products */,
			);
			sourceTree = "<group>";
		};
		E08E04941C947A3B00FEEFA9 /* Products */ = {
			isa = PBXGroup;
			children = (
				E08E04931C947A3B00FEEFA9 /* AnimationDemo_Circle.app */,
			);
			name = Products;
			sourceTree = "<group>";
		};
		E08E04951C947A3B00FEEFA9 /* AnimationDemo_Circle */ = {
			isa = PBXGroup;
			children = (
				E08E04AD1C947A4D00FEEFA9 /* Circle */,
				E08E04991C947A3B00FEEFA9 /* AppDelegate.h */,
				E08E049A1C947A3B00FEEFA9 /* AppDelegate.m */,
				E08E049C1C947A3B00FEEFA9 /* ViewController.h */,
				E08E049D1C947A3B00FEEFA9 /* ViewController.m */,
				E08E049F1C947A3B00FEEFA9 /* Main.storyboard */,
				E08E04A21C947A3B00FEEFA9 /* Assets.xcassets */,
				E08E04A41C947A3B00FEEFA9 /* LaunchScreen.storyboard */,
				E08E04A71C947A3B00FEEFA9 /* Info.plist */,
				E08E04961C947A3B00FEEFA9 /* Supporting Files */,
			);
			path = AnimationDemo_Circle;
			sourceTree = "<group>";
		};
		E08E04961C947A3B00FEEFA9 /* Supporting Files */ = {
			isa = PBXGroup;
			children = (
				E08E04971C947A3B00FEEFA9 /* main.m */,
			);
			name = "Supporting Files";
			sourceTree = "<group>";
		};
		E08E04AD1C947A4D00FEEFA9 /* Circle */ = {
			isa = PBXGroup;
			children = (
				E08E04AE1C947AB900FEEFA9 /* CircleView.h */,
				E08E04AF1C947AB900FEEFA9 /* CircleView.m */,
				E08E04B11C947BA800FEEFA9 /* CircleLayer.h */,
				E08E04B21C947BA800FEEFA9 /* CircleLayer.m */,
			);
			name = Circle;
			sourceTree = "<group>";
		};
/* End PBXGroup section */

/* Begin PBXNativeTarget section */
		E08E04921C947A3B00FEEFA9 /* AnimationDemo_Circle */ = {
			isa = PBXNativeTarget;
			buildConfigurationList = E08E04AA1C947A3B00FEEFA9 /* Build configuration list for PBXNativeTarget "AnimationDemo_Circle" */;
			buildPhases = (
				E08E048F1C947A3B00FEEFA9 /* Sources */,
				E08E04901C947A3B00FEEFA9 /* Frameworks */,
				E08E04911C947A3B00FEEFA9 /* Resources */,
			);
			buildRules = (
			);
			dependencies = (
			);
			name = AnimationDemo_Circle;
			productName = AnimationDemo_Circle;
			productReference = E08E04931C947A3B00FEEFA9 /* AnimationDemo_Circle.app */;
			productType = "com.apple.product-type.application";
		};
/* End PBXNativeTarget section */

/* Begin PBXProject section */
		E08E048B1C947A3B00FEEFA9 /* Project object */ = {
			isa = PBXProject;
			attributes = {
				LastUpgradeCheck = 0720;
				ORGANIZATIONNAME = "陈知行";
				TargetAttributes = {
					E08E04921C947A3B00FEEFA9 = {
						CreatedOnToolsVersion = 7.2.1;
					};
				};
			};
			buildConfigurationList = E08E048E1C947A3B00FEEFA9 /* Build configuration list for PBXProject "AnimationDemo_Circle" */;
			compatibilityVersion = "Xcode 3.2";
			developmentRegion = English;
			hasScannedForEncodings = 0;
			knownRegions = (
				en,
				Base,
			);
			mainGroup = E08E048A1C947A3B00FEEFA9;
			productRefGroup = E08E04941C947A3B00FEEFA9 /* Products */;
			projectDirPath = "";
			projectRoot = "";
			targets = (
				E08E04921C947A3B00FEEFA9 /* AnimationDemo_Circle */,
			);
		};
/* End PBXProject section */

/* Begin PBXResourcesBuildPhase section */
		E08E04911C947A3B00FEEFA9 /* Resources */ = {
			isa = PBXResourcesBuildPhase;
			buildActionMask = 2147483647;
			files = (
				E08E04A61C947A3B00FEEFA9 /* LaunchScreen.storyboard in Resources */,
				E08E04A31C947A3B00FEEFA9 /* Assets.xcassets in Resources */,
				E08E04A11C947A3B00FEEFA9 /* Main.storyboard in Resources */,
			);
			runOnlyForDeploymentPostprocessing = 0;
		};
/* End PBXResourcesBuildPhase section */

/* Begin PBXSourcesBuildPhase section */
		E08E048F1C947A3B00FEEFA9 /* Sources */ = {
			isa = PBXSourcesBuildPhase;
			buildActionMask = 2147483647;
			files = (
				E08E04B01C947AB900FEEFA9 /* CircleView.m in Sources */,
				E08E04B31C947BA800FEEFA9 /* CircleLayer.m in Sources */,
				E08E049E1C947A3B00FEEFA9 /* ViewController.m in Sources */,
				E08E049B1C947A3B00FEEFA9 /* AppDelegate.m in Sources */,
				E08E04981C947A3B00FEEFA9 /* main.m in Sources */,
			);
			runOnlyForDeploymentPostprocessing = 0;
		};
/* End PBXSourcesBuildPhase section */

/* Begin PBXVariantGroup section */
		E08E049F1C947A3B00FEEFA9 /* Main.storyboard */ = {
			isa = PBXVariantGroup;
			children = (
				E08E04A01C947A3B00FEEFA9 /* Base */,
			);
			name = Main.storyboard;
			sourceTree = "<group>";
		};
		E08E04A41C947A3B00FEEFA9 /* LaunchScreen.storyboard */ = {
			isa = PBXVariantGroup;
			children = (
				E08E04A51C947A3B00FEEFA9 /* Base */,
			);
			name = LaunchScreen.storyboard;
			sourceTree = "<group>";
		};
/* End PBXVariantGroup section */

/* Begin XCBuildConfiguration section */
		E08E04A81C947A3B00FEEFA9 /* Debug */ = {
			isa = XCBuildConfiguration;
			buildSettings = {
				ALWAYS_SEARCH_USER_PATHS = NO;
				CLANG_CXX_LANGUAGE_STANDARD = "gnu++0x";
				CLANG_CXX_LIBRARY = "libc++";
				CLANG_ENABLE_MODULES = YES;
				CLANG_ENABLE_OBJC_ARC = YES;
				CLANG_WARN_BOOL_CONVERSION = YES;
				CLANG_WARN_CONSTANT_CONVERSION = YES;
				CLANG_WARN_DIRECT_OBJC_ISA_USAGE = YES_ERROR;
				CLANG_WARN_EMPTY_BODY = YES;
				CLANG_WARN_ENUM_CONVERSION = YES;
				CLANG_WARN_INT_CONVERSION = YES;
				CLANG_WARN_OBJC_ROOT_CLASS = YES_ERROR;
				CLANG_WARN_UNREACHABLE_CODE = YES;
				CLANG_WARN__DUPLICATE_METHOD_MATCH = YES;
				"CODE_SIGN_IDENTITY[sdk=iphoneos*]" = "iPhone Developer";
				COPY_PHASE_STRIP = NO;
				DEBUG_INFORMATION_FORMAT = dwarf;
				ENABLE_STRICT_OBJC_MSGSEND = YES;
				ENABLE_TESTABILITY = YES;
				GCC_C_LANGUAGE_STANDARD = gnu99;
				GCC_DYNAMIC_NO_PIC = NO;
				GCC_NO_COMMON_BLOCKS = YES;
				GCC_OPTIMIZATION_LEVEL = 0;
				GCC_PREPROCESSOR_DEFINITIONS = (
					"DEBUG=1",
					"$(inherited)",
				);
				GCC_WARN_64_TO_32_BIT_CONVERSION = YES;
				GCC_WARN_ABOUT_RETURN_TYPE = YES_ERROR;
				GCC_WARN_UNDECLARED_SELECTOR = YES;
				GCC_WARN_UNINITIALIZED_AUTOS = YES_AGGRESSIVE;
				GCC_WARN_UNUSED_FUNCTION = YES;
				GCC_WARN_UNUSED_VARIABLE = YES;
				IPHONEOS_DEPLOYMENT_TARGET = 9.2;
				MTL_ENABLE_DEBUG_INFO = YES;
				ONLY_ACTIVE_ARCH = YES;
				SDKROOT = iphoneos;
			};
			name = Debug;
		};
		E08E04A91C947A3B00FEEFA9 /* Release */ = {
			isa = XCBuildConfiguration;
			buildSettings = {
				ALWAYS_SEARCH_USER_PATHS = NO;
				CLANG_CXX_LANGUAGE_STANDARD = "gnu++0x";
				CLANG_CXX_LIBRARY = "libc++";
				CLANG_ENABLE_MODULES = YES;
				CLANG_ENABLE_OBJC_ARC = YES;
				CLANG_WARN_BOOL_CONVERSION = YES;
				CLANG_WARN_CONSTANT_CONVERSION = YES;
				CLANG_WARN_DIRECT_OBJC_ISA_USAGE = YES_ERROR;
				CLANG_WARN_EMPTY_BODY = YES;
				CLANG_WARN_ENUM_CONVERSION = YES;
				CLANG_WARN_INT_CONVERSION = YES;
				CLANG_WARN_OBJC_ROOT_CLASS = YES_ERROR;
				CLANG_WARN_UNREACHABLE_CODE = YES;
				CLANG_WARN__DUPLICATE_METHOD_MATCH = YES;
				"CODE_SIGN_IDENTITY[sdk=iphoneos*]" = "iPhone Developer";
				COPY_PHASE_STRIP = NO;
				DEBUG_INFORMATION_FORMAT = "dwarf-with-dsym";
				ENABLE_NS_ASSERTIONS = NO;
				ENABLE_STRICT_OBJC_MSGSEND = YES;
				GCC_C_LANGUAGE_STANDARD = gnu99;
				GCC_NO_COMMON_BLOCKS = YES;
				GCC_WARN_64_TO_32_BIT_CONVERSION = YES;
				GCC_WARN_ABOUT_RETURN_TYPE = YES_ERROR;
				GCC_WARN_UNDECLARED_SELECTOR = YES;
				GCC_WARN_UNINITIALIZED_AUTOS = YES_AGGRESSIVE;
				GCC_WARN_UNUSED_FUNCTION = YES;
				GCC_WARN_UNUSED_VARIABLE = YES;
				IPHONEOS_DEPLOYMENT_TARGET = 9.2;
				MTL_ENABLE_DEBUG_INFO = NO;
				SDKROOT = iphoneos;
				VALIDATE_PRODUCT = YES;
			};
			name = Release;
		};
		E08E04AB1C947A3B00FEEFA9 /* Debug */ = {
			isa = XCBuildConfiguration;
			buildSettings = {
				ASSETCATALOG_COMPILER_APPICON_NAME = AppIcon;
				INFOPLIST_FILE = AnimationDemo_Circle/Info.plist;
				LD_RUNPATH_SEARCH_PATHS = "$(inherited) @executable_path/Frameworks";
				PRODUCT_BUNDLE_IDENTIFIER = "com.zx.AnimationDemo-Circle";
				PRODUCT_NAME = "$(TARGET_NAME)";
			};
			name = Debug;
		};
		E08E04AC1C947A3B00FEEFA9 /* Release */ = {
			isa = XCBuildConfiguration;
			buildSettings = {
				ASSETCATALOG_COMPILER_APPICON_NAME = AppIcon;
				INFOPLIST_FILE = AnimationDemo_Circle/Info.plist;
				LD_RUNPATH_SEARCH_PATHS = "$(inherited) @executable_path/Frameworks";
				PRODUCT_BUNDLE_IDENTIFIER = "com.zx.AnimationDemo-Circle";
				PRODUCT_NAME = "$(TARGET_NAME)";
			};
			name = Release;
		};
/* End XCBuildConfiguration section */

/* Begin XCConfigurationList section */
		E08E048E1C947A3B00FEEFA9 /* Build configuration list for PBXProject "AnimationDemo_Circle" */ = {
			isa = XCConfigurationList;
			buildConfigurations = (
				E08E04A81C947A3B00FEEFA9 /* Debug */,
				E08E04A91C947A3B00FEEFA9 /* Release */,
			);
			defaultConfigurationIsVisible = 0;
			defaultConfigurationName = Release;
		};
		E08E04AA1C947A3B00FEEFA9 /* Build configuration list for PBXNativeTarget "AnimationDemo_Circle" */ = {
			isa = XCConfigurationList;
			buildConfigurations = (
				E08E04AB1C947A3B00FEEFA9 /* Debug */,
				E08E04AC1C947A3B00FEEFA9 /* Release */,
			);
			defaultConfigurationIsVisible = 0;
		};
/* End XCConfigurationList section */
	};
	rootObject = E08E048B1C947A3B00FEEFA9 /* Project object */;
}
